
Microsoft Visual Studio Solution File, Format Version 12.00
# Visual Studio Version 17
VisualStudioVersion = 17.12.35521.163
MinimumVisualStudioVersion = 10.0.40219.1
Project("{2150E333-8FDC-42A3-9474-1A3956D46DE8}") = "01-Presentation", "01-Presentation", "{37F7E973-C4FB-4288-9544-E59BBF2AAC71}"
EndProject
Project("{2150E333-8FDC-42A3-9474-1A3956D46DE8}") = "02-Services", "02-Services", "{08C9CFDA-FA83-43B6-AD4E-FAB91D014496}"
EndProject
Project("{2150E333-8FDC-42A3-9474-1A3956D46DE8}") = "03-Domain", "03-Domain", "{A6DA7852-5BEB-42E6-9A9A-FA0A0EB0991A}"
EndProject
Project("{2150E333-8FDC-42A3-9474-1A3956D46DE8}") = "04-Infrastructure", "04-Infrastructure", "{F5A5604E-E7A0-4FEA-92A0-5EEFC7DAC4A6}"
EndProject
Project("{FAE04EC0-301F-11D3-BF4B-00C04F79EFBC}") = "ManagerTestK2.Services", "Services\ManagerTestK2.Services\ManagerTestK2.Services.csproj", "{CC927100-F461-4B86-A924-C74A6CB43375}"
EndProject
Project("{FAE04EC0-301F-11D3-BF4B-00C04F79EFBC}") = "ManagerTestK2.Domain", "Domain\ManagerTestK2.Domain\ManagerTestK2.Domain.csproj", "{483B9EFA-4137-49F9-9339-FEE743A2EF3B}"
EndProject
Project("{FAE04EC0-301F-11D3-BF4B-00C04F79EFBC}") = "ManagerTestK2.Infrastrucure.Data", "Infrastructure\ManagerTestK2.Infrastrucure\ManagerTestK2.Infrastrucure.Data.csproj", "{D909A960-24D5-4A2C-99EE-2AF70F2D17AE}"
EndProject
Project("{FAE04EC0-301F-11D3-BF4B-00C04F79EFBC}") = "ManagerTestK2", "Presentation\ManagerTestK2.csproj", "{64B3CCAA-E9B5-4518-AAAD-90F6823BF7B8}"
EndProject
Project("{FAE04EC0-301F-11D3-BF4B-00C04F79EFBC}") = "ManagerTestK2.IoC", "IoC\ManagerTestK2.IoC\ManagerTestK2.IoC.csproj", "{2E432268-074E-468A-8102-F50F8E0F7AFB}"
EndProject
Project("{2150E333-8FDC-42A3-9474-1A3956D46DE8}") = "05-Test", "05-Test", "{B917114D-6B7E-4A2C-9F77-35B8D19C1622}"
EndProject
Project("{2150E333-8FDC-42A3-9474-1A3956D46DE8}") = "06-Database", "06-Database", "{79232785-5C56-4E74-A657-4F248541D35E}"
EndProject
Project("{00D1A9C2-B5F0-4AF3-8072-F6C62B433612}") = "ManagerTestK2DB", "ManagerTestK2DB\ManagerTestK2DB.sqlproj", "{A083A37C-CB7E-462E-9D74-00BD2C666432}"
EndProject
Project("{FAE04EC0-301F-11D3-BF4B-00C04F79EFBC}") = "Tests", "Tests\Tests\Tests.csproj", "{FBEEAC78-1428-4B9B-A553-743A24BB1704}"
EndProject
Project("{2150E333-8FDC-42A3-9474-1A3956D46DE8}") = "07-FrontEnd", "07-FrontEnd", "{548FA532-C221-409C-B4CE-F22019D14705}"
EndProject
Project("{54A90642-561A-4BB1-A94E-469ADEE60C69}") = "mangertestk2app", "FrontEndApp\MangerTestK2App\mangertestk2app.esproj", "{90700167-C313-4BF0-9B34-A6B2AC2754E0}"
EndProject
Global
	GlobalSection(SolutionConfigurationPlatforms) = preSolution
		Debug|Any CPU = Debug|Any CPU
		Release|Any CPU = Release|Any CPU
	EndGlobalSection
	GlobalSection(ProjectConfigurationPlatforms) = postSolution
		{CC927100-F461-4B86-A924-C74A6CB43375}.Debug|Any CPU.ActiveCfg = Debug|Any CPU
		{CC927100-F461-4B86-A924-C74A6CB43375}.Debug|Any CPU.Build.0 = Debug|Any CPU
		{CC927100-F461-4B86-A924-C74A6CB43375}.Release|Any CPU.ActiveCfg = Release|Any CPU
		{CC927100-F461-4B86-A924-C74A6CB43375}.Release|Any CPU.Build.0 = Release|Any CPU
		{483B9EFA-4137-49F9-9339-FEE743A2EF3B}.Debug|Any CPU.ActiveCfg = Debug|Any CPU
		{483B9EFA-4137-49F9-9339-FEE743A2EF3B}.Debug|Any CPU.Build.0 = Debug|Any CPU
		{483B9EFA-4137-49F9-9339-FEE743A2EF3B}.Release|Any CPU.ActiveCfg = Release|Any CPU
		{483B9EFA-4137-49F9-9339-FEE743A2EF3B}.Release|Any CPU.Build.0 = Release|Any CPU
		{D909A960-24D5-4A2C-99EE-2AF70F2D17AE}.Debug|Any CPU.ActiveCfg = Debug|Any CPU
		{D909A960-24D5-4A2C-99EE-2AF70F2D17AE}.Debug|Any CPU.Build.0 = Debug|Any CPU
		{D909A960-24D5-4A2C-99EE-2AF70F2D17AE}.Release|Any CPU.ActiveCfg = Release|Any CPU
		{D909A960-24D5-4A2C-99EE-2AF70F2D17AE}.Release|Any CPU.Build.0 = Release|Any CPU
		{64B3CCAA-E9B5-4518-AAAD-90F6823BF7B8}.Debug|Any CPU.ActiveCfg = Debug|Any CPU
		{64B3CCAA-E9B5-4518-AAAD-90F6823BF7B8}.Debug|Any CPU.Build.0 = Debug|Any CPU
		{64B3CCAA-E9B5-4518-AAAD-90F6823BF7B8}.Release|Any CPU.ActiveCfg = Release|Any CPU
		{64B3CCAA-E9B5-4518-AAAD-90F6823BF7B8}.Release|Any CPU.Build.0 = Release|Any CPU
		{2E432268-074E-468A-8102-F50F8E0F7AFB}.Debug|Any CPU.ActiveCfg = Debug|Any CPU
		{2E432268-074E-468A-8102-F50F8E0F7AFB}.Debug|Any CPU.Build.0 = Debug|Any CPU
		{2E432268-074E-468A-8102-F50F8E0F7AFB}.Release|Any CPU.ActiveCfg = Release|Any CPU
		{2E432268-074E-468A-8102-F50F8E0F7AFB}.Release|Any CPU.Build.0 = Release|Any CPU
		{A083A37C-CB7E-462E-9D74-00BD2C666432}.Debug|Any CPU.ActiveCfg = Debug|Any CPU
		{A083A37C-CB7E-462E-9D74-00BD2C666432}.Debug|Any CPU.Build.0 = Debug|Any CPU
		{A083A37C-CB7E-462E-9D74-00BD2C666432}.Debug|Any CPU.Deploy.0 = Debug|Any CPU
		{A083A37C-CB7E-462E-9D74-00BD2C666432}.Release|Any CPU.ActiveCfg = Release|Any CPU
		{A083A37C-CB7E-462E-9D74-00BD2C666432}.Release|Any CPU.Build.0 = Release|Any CPU
		{A083A37C-CB7E-462E-9D74-00BD2C666432}.Release|Any CPU.Deploy.0 = Release|Any CPU
		{FBEEAC78-1428-4B9B-A553-743A24BB1704}.Debug|Any CPU.ActiveCfg = Debug|Any CPU
		{FBEEAC78-1428-4B9B-A553-743A24BB1704}.Debug|Any CPU.Build.0 = Debug|Any CPU
		{FBEEAC78-1428-4B9B-A553-743A24BB1704}.Release|Any CPU.ActiveCfg = Release|Any CPU
		{FBEEAC78-1428-4B9B-A553-743A24BB1704}.Release|Any CPU.Build.0 = Release|Any CPU
		{90700167-C313-4BF0-9B34-A6B2AC2754E0}.Debug|Any CPU.ActiveCfg = Debug|Any CPU
		{90700167-C313-4BF0-9B34-A6B2AC2754E0}.Debug|Any CPU.Build.0 = Debug|Any CPU
		{90700167-C313-4BF0-9B34-A6B2AC2754E0}.Debug|Any CPU.Deploy.0 = Debug|Any CPU
		{90700167-C313-4BF0-9B34-A6B2AC2754E0}.Release|Any CPU.ActiveCfg = Release|Any CPU
		{90700167-C313-4BF0-9B34-A6B2AC2754E0}.Release|Any CPU.Build.0 = Release|Any CPU
		{90700167-C313-4BF0-9B34-A6B2AC2754E0}.Release|Any CPU.Deploy.0 = Release|Any CPU
	EndGlobalSection
	GlobalSection(SolutionProperties) = preSolution
		HideSolutionNode = FALSE
	EndGlobalSection
	GlobalSection(NestedProjects) = preSolution
		{CC927100-F461-4B86-A924-C74A6CB43375} = {08C9CFDA-FA83-43B6-AD4E-FAB91D014496}
		{483B9EFA-4137-49F9-9339-FEE743A2EF3B} = {A6DA7852-5BEB-42E6-9A9A-FA0A0EB0991A}
		{D909A960-24D5-4A2C-99EE-2AF70F2D17AE} = {F5A5604E-E7A0-4FEA-92A0-5EEFC7DAC4A6}
		{64B3CCAA-E9B5-4518-AAAD-90F6823BF7B8} = {37F7E973-C4FB-4288-9544-E59BBF2AAC71}
		{2E432268-074E-468A-8102-F50F8E0F7AFB} = {F5A5604E-E7A0-4FEA-92A0-5EEFC7DAC4A6}
		{A083A37C-CB7E-462E-9D74-00BD2C666432} = {79232785-5C56-4E74-A657-4F248541D35E}
		{FBEEAC78-1428-4B9B-A553-743A24BB1704} = {B917114D-6B7E-4A2C-9F77-35B8D19C1622}
		{90700167-C313-4BF0-9B34-A6B2AC2754E0} = {548FA532-C221-409C-B4CE-F22019D14705}
	EndGlobalSection
EndGlobal
